// !$*UTF8*$!
{
	archiveVersion = 1;
	classes = {
	};
	objectVersion = 46;
	objects = {

/* Begin PBXBuildFile section */
		6B95A4C51B4DF60700A92C3B /* CardData.m in Sources */ = {isa = PBXBuildFile; fileRef = 6B95A4C41B4DF60700A92C3B /* CardData.m */; };
		6B95A4CC1B4DF61700A92C3B /* CardListControllerDataSource.m in Sources */ = {isa = PBXBuildFile; fileRef = 6B95A4C71B4DF61700A92C3B /* CardListControllerDataSource.m */; };
		6B95A4CD1B4DF61700A92C3B /* MainViewController.m in Sources */ = {isa = PBXBuildFile; fileRef = 6B95A4C91B4DF61700A92C3B /* MainViewController.m */; };
		6B95A4CE1B4DF61700A92C3B /* MusicWebviewController.m in Sources */ = {isa = PBXBuildFile; fileRef = 6B95A4CB1B4DF61700A92C3B /* MusicWebviewController.m */; };
		6B95A4D11B4DF62300A92C3B /* CardCell.m in Sources */ = {isa = PBXBuildFile; fileRef = 6B95A4D01B4DF62300A92C3B /* CardCell.m */; };
		6B95A4D81B4DF63500A92C3B /* UIImage+AverageColor.m in Sources */ = {isa = PBXBuildFile; fileRef = 6B95A4D31B4DF63500A92C3B /* UIImage+AverageColor.m */; };
		6BDF98091B4E090600D6097B /* PlaceCell.m in Sources */ = {isa = PBXBuildFile; fileRef = 6BDF98081B4E090600D6097B /* PlaceCell.m */; };
		6BDF980C1B4E093400D6097B /* MovieCell.m in Sources */ = {isa = PBXBuildFile; fileRef = 6BDF980B1B4E093400D6097B /* MovieCell.m */; };
		6BDF980F1B4E095000D6097B /* MusicCell.m in Sources */ = {isa = PBXBuildFile; fileRef = 6BDF980E1B4E095000D6097B /* MusicCell.m */; };
		6BDF98121B4E0A2200D6097B /* Place.m in Sources */ = {isa = PBXBuildFile; fileRef = 6BDF98111B4E0A2200D6097B /* Place.m */; };
		6BDF98151B4E0A4200D6097B /* Movie.m in Sources */ = {isa = PBXBuildFile; fileRef = 6BDF98141B4E0A4200D6097B /* Movie.m */; };
		6BDF98181B4E0A5100D6097B /* Music.m in Sources */ = {isa = PBXBuildFile; fileRef = 6BDF98171B4E0A5100D6097B /* Music.m */; };
		6BDF981B1B4E0BE600D6097B /* CardBase.m in Sources */ = {isa = PBXBuildFile; fileRef = 6BDF981A1B4E0BE600D6097B /* CardBase.m */; };
		6BEDC5201B4CA3690021BF1A /* main.m in Sources */ = {isa = PBXBuildFile; fileRef = 6BEDC51F1B4CA3690021BF1A /* main.m */; };
		6BEDC5231B4CA3690021BF1A /* AppDelegate.m in Sources */ = {isa = PBXBuildFile; fileRef = 6BEDC5221B4CA3690021BF1A /* AppDelegate.m */; };
		6BEDC5291B4CA3690021BF1A /* Main.storyboard in Resources */ = {isa = PBXBuildFile; fileRef = 6BEDC5271B4CA3690021BF1A /* Main.storyboard */; };
		6BEDC52B1B4CA3690021BF1A /* Images.xcassets in Resources */ = {isa = PBXBuildFile; fileRef = 6BEDC52A1B4CA3690021BF1A /* Images.xcassets */; };
		6BEDC52E1B4CA3690021BF1A /* LaunchScreen.xib in Resources */ = {isa = PBXBuildFile; fileRef = 6BEDC52C1B4CA3690021BF1A /* LaunchScreen.xib */; };
		7BBFD61BC1A0B636F9B31307 /* libPods.a in Frameworks */ = {isa = PBXBuildFile; fileRef = 3C98BD65935580CF7EACB4BB /* libPods.a */; };
/* End PBXBuildFile section */

/* Begin PBXFileReference section */
		3C98BD65935580CF7EACB4BB /* libPods.a */ = {isa = PBXFileReference; explicitFileType = archive.ar; includeInIndex = 0; path = libPods.a; sourceTree = BUILT_PRODUCTS_DIR; };
		6B95A4C31B4DF60700A92C3B /* CardData.h */ = {isa = PBXFileReference; fileEncoding = 4; lastKnownFileType = sourcecode.c.h; name = CardData.h; path = Model/CardData.h; sourceTree = "<group>"; };
		6B95A4C41B4DF60700A92C3B /* CardData.m */ = {isa = PBXFileReference; fileEncoding = 4; lastKnownFileType = sourcecode.c.objc; name = CardData.m; path = Model/CardData.m; sourceTree = "<group>"; };
		6B95A4C61B4DF61700A92C3B /* CardListControllerDataSource.h */ = {isa = PBXFileReference; fileEncoding = 4; lastKnownFileType = sourcecode.c.h; name = CardListControllerDataSource.h; path = Controller/CardListControllerDataSource.h; sourceTree = "<group>"; };
		6B95A4C71B4DF61700A92C3B /* CardListControllerDataSource.m */ = {isa = PBXFileReference; fileEncoding = 4; lastKnownFileType = sourcecode.c.objc; name = CardListControllerDataSource.m; path = Controller/CardListControllerDataSource.m; sourceTree = "<group>"; };
		6B95A4C81B4DF61700A92C3B /* MainViewController.h */ = {isa = PBXFileReference; fileEncoding = 4; lastKnownFileType = sourcecode.c.h; name = MainViewController.h; path = Controller/MainViewController.h; sourceTree = "<group>"; };
		6B95A4C91B4DF61700A92C3B /* MainViewController.m */ = {isa = PBXFileReference; fileEncoding = 4; lastKnownFileType = sourcecode.c.objc; name = MainViewController.m; path = Controller/MainViewController.m; sourceTree = "<group>"; };
		6B95A4CA1B4DF61700A92C3B /* MusicWebviewController.h */ = {isa = PBXFileReference; fileEncoding = 4; lastKnownFileType = sourcecode.c.h; name = MusicWebviewController.h; path = Controller/MusicWebviewController.h; sourceTree = "<group>"; };
		6B95A4CB1B4DF61700A92C3B /* MusicWebviewController.m */ = {isa = PBXFileReference; fileEncoding = 4; lastKnownFileType = sourcecode.c.objc; name = MusicWebviewController.m; path = Controller/MusicWebviewController.m; sourceTree = "<group>"; };
		6B95A4CF1B4DF62300A92C3B /* CardCell.h */ = {isa = PBXFileReference; fileEncoding = 4; lastKnownFileType = sourcecode.c.h; name = CardCell.h; path = UI/CardCell.h; sourceTree = "<group>"; };
		6B95A4D01B4DF62300A92C3B /* CardCell.m */ = {isa = PBXFileReference; fileEncoding = 4; lastKnownFileType = sourcecode.c.objc; name = CardCell.m; path = UI/CardCell.m; sourceTree = "<group>"; };
		6B95A4D21B4DF63500A92C3B /* UIImage+AverageColor.h */ = {isa = PBXFileReference; fileEncoding = 4; lastKnownFileType = sourcecode.c.h; name = "UIImage+AverageColor.h"; path = "ImageUtilities/UIImage+AverageColor.h"; sourceTree = "<group>"; };
		6B95A4D31B4DF63500A92C3B /* UIImage+AverageColor.m */ = {isa = PBXFileReference; fileEncoding = 4; lastKnownFileType = sourcecode.c.objc; name = "UIImage+AverageColor.m"; path = "ImageUtilities/UIImage+AverageColor.m"; sourceTree = "<group>"; };
		6BDF98071B4E090600D6097B /* PlaceCell.h */ = {isa = PBXFileReference; fileEncoding = 4; lastKnownFileType = sourcecode.c.h; name = PlaceCell.h; path = UI/PlaceCell.h; sourceTree = "<group>"; };
		6BDF98081B4E090600D6097B /* PlaceCell.m */ = {isa = PBXFileReference; fileEncoding = 4; lastKnownFileType = sourcecode.c.objc; name = PlaceCell.m; path = UI/PlaceCell.m; sourceTree = "<group>"; };
		6BDF980A1B4E093400D6097B /* MovieCell.h */ = {isa = PBXFileReference; fileEncoding = 4; lastKnownFileType = sourcecode.c.h; name = MovieCell.h; path = UI/MovieCell.h; sourceTree = "<group>"; };
		6BDF980B1B4E093400D6097B /* MovieCell.m */ = {isa = PBXFileReference; fileEncoding = 4; lastKnownFileType = sourcecode.c.objc; name = MovieCell.m; path = UI/MovieCell.m; sourceTree = "<group>"; };
		6BDF980D1B4E095000D6097B /* MusicCell.h */ = {isa = PBXFileReference; fileEncoding = 4; lastKnownFileType = sourcecode.c.h; name = MusicCell.h; path = UI/MusicCell.h; sourceTree = "<group>"; };
		6BDF980E1B4E095000D6097B /* MusicCell.m */ = {isa = PBXFileReference; fileEncoding = 4; lastKnownFileType = sourcecode.c.objc; name = MusicCell.m; path = UI/MusicCell.m; sourceTree = "<group>"; };
		6BDF98101B4E0A2200D6097B /* Place.h */ = {isa = PBXFileReference; fileEncoding = 4; lastKnownFileType = sourcecode.c.h; name = Place.h; path = Model/Place.h; sourceTree = "<group>"; };
		6BDF98111B4E0A2200D6097B /* Place.m */ = {isa = PBXFileReference; fileEncoding = 4; lastKnownFileType = sourcecode.c.objc; name = Place.m; path = Model/Place.m; sourceTree = "<group>"; };
		6BDF98131B4E0A4200D6097B /* Movie.h */ = {isa = PBXFileReference; fileEncoding = 4; lastKnownFileType = sourcecode.c.h; name = Movie.h; path = Model/Movie.h; sourceTree = "<group>"; };
		6BDF98141B4E0A4200D6097B /* Movie.m */ = {isa = PBXFileReference; fileEncoding = 4; lastKnownFileType = sourcecode.c.objc; name = Movie.m; path = Model/Movie.m; sourceTree = "<group>"; };
		6BDF98161B4E0A5100D6097B /* Music.h */ = {isa = PBXFileReference; fileEncoding = 4; lastKnownFileType = sourcecode.c.h; path = Music.h; sourceTree = "<group>"; };
		6BDF98171B4E0A5100D6097B /* Music.m */ = {isa = PBXFileReference; fileEncoding = 4; lastKnownFileType = sourcecode.c.objc; path = Music.m; sourceTree = "<group>"; };
		6BDF98191B4E0BE600D6097B /* CardBase.h */ = {isa = PBXFileReference; fileEncoding = 4; lastKnownFileType = sourcecode.c.h; name = CardBase.h; path = Model/CardBase.h; sourceTree = "<group>"; };
		6BDF981A1B4E0BE600D6097B /* CardBase.m */ = {isa = PBXFileReference; fileEncoding = 4; lastKnownFileType = sourcecode.c.objc; name = CardBase.m; path = Model/CardBase.m; sourceTree = "<group>"; };
		6BEDC51A1B4CA3690021BF1A /* CardList.app */ = {isa = PBXFileReference; explicitFileType = wrapper.application; includeInIndex = 0; path = CardList.app; sourceTree = BUILT_PRODUCTS_DIR; };
		6BEDC51E1B4CA3690021BF1A /* Info.plist */ = {isa = PBXFileReference; lastKnownFileType = text.plist.xml; path = Info.plist; sourceTree = "<group>"; };
		6BEDC51F1B4CA3690021BF1A /* main.m */ = {isa = PBXFileReference; lastKnownFileType = sourcecode.c.objc; path = main.m; sourceTree = "<group>"; };
		6BEDC5211B4CA3690021BF1A /* AppDelegate.h */ = {isa = PBXFileReference; lastKnownFileType = sourcecode.c.h; path = AppDelegate.h; sourceTree = "<group>"; };
		6BEDC5221B4CA3690021BF1A /* AppDelegate.m */ = {isa = PBXFileReference; lastKnownFileType = sourcecode.c.objc; path = AppDelegate.m; sourceTree = "<group>"; };
		6BEDC5281B4CA3690021BF1A /* Base */ = {isa = PBXFileReference; lastKnownFileType = file.storyboard; name = Base; path = Base.lproj/Main.storyboard; sourceTree = "<group>"; };
		6BEDC52A1B4CA3690021BF1A /* Images.xcassets */ = {isa = PBXFileReference; lastKnownFileType = folder.assetcatalog; path = Images.xcassets; sourceTree = "<group>"; };
		6BEDC52D1B4CA3690021BF1A /* Base */ = {isa = PBXFileReference; lastKnownFileType = file.xib; name = Base; path = Base.lproj/LaunchScreen.xib; sourceTree = "<group>"; };
		6BEDC5381B4CA3690021BF1A /* Info.plist */ = {isa = PBXFileReference; lastKnownFileType = text.plist.xml; path = Info.plist; sourceTree = "<group>"; };
		6BEDC5391B4CA3690021BF1A /* CardListTests.m */ = {isa = PBXFileReference; lastKnownFileType = sourcecode.c.objc; path = CardListTests.m; sourceTree = "<group>"; };
		7EBDD77B724C09E87B582D63 /* Pods.release.xcconfig */ = {isa = PBXFileReference; includeInIndex = 1; lastKnownFileType = text.xcconfig; name = Pods.release.xcconfig; path = "Pods/Target Support Files/Pods/Pods.release.xcconfig"; sourceTree = "<group>"; };
		DC9869A9B177B11568E70BCC /* Pods.debug.xcconfig */ = {isa = PBXFileReference; includeInIndex = 1; lastKnownFileType = text.xcconfig; name = Pods.debug.xcconfig; path = "Pods/Target Support Files/Pods/Pods.debug.xcconfig"; sourceTree = "<group>"; };
/* End PBXFileReference section */

/* Begin PBXFrameworksBuildPhase section */
		6BEDC5171B4CA3690021BF1A /* Frameworks */ = {
			isa = PBXFrameworksBuildPhase;
			buildActionMask = 2147483647;
			files = (
				7BBFD61BC1A0B636F9B31307 /* libPods.a in Frameworks */,
			);
			runOnlyForDeploymentPostprocessing = 0;
		};
/* End PBXFrameworksBuildPhase section */

/* Begin PBXGroup section */
		6BEDC5111B4CA3680021BF1A = {
			isa = PBXGroup;
			children = (
				6BEDC51C1B4CA3690021BF1A /* CardList */,
				6BEDC5361B4CA3690021BF1A /* CardListTests */,
				6BEDC51B1B4CA3690021BF1A /* Products */,
				6D105D476E3EC13FD29EDB4B /* Pods */,
				EBE2FFBB70F04D7675F1F5C4 /* Frameworks */,
			);
			sourceTree = "<group>";
		};
		6BEDC51B1B4CA3690021BF1A /* Products */ = {
			isa = PBXGroup;
			children = (
				6BEDC51A1B4CA3690021BF1A /* CardList.app */,
			);
			name = Products;
			sourceTree = "<group>";
		};
		6BEDC51C1B4CA3690021BF1A /* CardList */ = {
			isa = PBXGroup;
			children = (
				6BEDC5451B4CA4230021BF1A /* Model */,
				6BEDC5441B4CA4160021BF1A /* Controller */,
				6BEDC5431B4CA4050021BF1A /* UI */,
				6BEDC5551B4CE15F0021BF1A /* ImageUtilities */,
				6BEDC51D1B4CA3690021BF1A /* Supporting Files */,
			);
			path = CardList;
			sourceTree = "<group>";
		};
		6BEDC51D1B4CA3690021BF1A /* Supporting Files */ = {
			isa = PBXGroup;
			children = (
				6BEDC5211B4CA3690021BF1A /* AppDelegate.h */,
				6BEDC5221B4CA3690021BF1A /* AppDelegate.m */,
				6BEDC5271B4CA3690021BF1A /* Main.storyboard */,
				6BEDC52A1B4CA3690021BF1A /* Images.xcassets */,
				6BEDC52C1B4CA3690021BF1A /* LaunchScreen.xib */,
				6BEDC51E1B4CA3690021BF1A /* Info.plist */,
				6BEDC51F1B4CA3690021BF1A /* main.m */,
			);
			name = "Supporting Files";
			sourceTree = "<group>";
		};
		6BEDC5361B4CA3690021BF1A /* CardListTests */ = {
			isa = PBXGroup;
			children = (
				6BEDC5391B4CA3690021BF1A /* CardListTests.m */,
				6BEDC5371B4CA3690021BF1A /* Supporting Files */,
			);
			path = CardListTests;
			sourceTree = "<group>";
		};
		6BEDC5371B4CA3690021BF1A /* Supporting Files */ = {
			isa = PBXGroup;
			children = (
				6BEDC5381B4CA3690021BF1A /* Info.plist */,
			);
			name = "Supporting Files";
			sourceTree = "<group>";
		};
		6BEDC5431B4CA4050021BF1A /* UI */ = {
			isa = PBXGroup;
			children = (
				6B95A4CF1B4DF62300A92C3B /* CardCell.h */,
				6B95A4D01B4DF62300A92C3B /* CardCell.m */,
				6BDF98071B4E090600D6097B /* PlaceCell.h */,
				6BDF98081B4E090600D6097B /* PlaceCell.m */,
				6BDF980A1B4E093400D6097B /* MovieCell.h */,
				6BDF980B1B4E093400D6097B /* MovieCell.m */,
				6BDF980D1B4E095000D6097B /* MusicCell.h */,
				6BDF980E1B4E095000D6097B /* MusicCell.m */,
			);
			name = UI;
			sourceTree = "<group>";
		};
		6BEDC5441B4CA4160021BF1A /* Controller */ = {
			isa = PBXGroup;
			children = (
				6B95A4C61B4DF61700A92C3B /* CardListControllerDataSource.h */,
				6B95A4C71B4DF61700A92C3B /* CardListControllerDataSource.m */,
				6B95A4C81B4DF61700A92C3B /* MainViewController.h */,
				6B95A4C91B4DF61700A92C3B /* MainViewController.m */,
				6B95A4CA1B4DF61700A92C3B /* MusicWebviewController.h */,
				6B95A4CB1B4DF61700A92C3B /* MusicWebviewController.m */,
			);
			name = Controller;
			sourceTree = "<group>";
		};
		6BEDC5451B4CA4230021BF1A /* Model */ = {
			isa = PBXGroup;
			children = (
				6B95A4C31B4DF60700A92C3B /* CardData.h */,
				6B95A4C41B4DF60700A92C3B /* CardData.m */,
				6BDF98191B4E0BE600D6097B /* CardBase.h */,
				6BDF981A1B4E0BE600D6097B /* CardBase.m */,
				6BDF98101B4E0A2200D6097B /* Place.h */,
				6BDF98111B4E0A2200D6097B /* Place.m */,
				6BDF98131B4E0A4200D6097B /* Movie.h */,
				6BDF98141B4E0A4200D6097B /* Movie.m */,
				6BDF98161B4E0A5100D6097B /* Music.h */,
				6BDF98171B4E0A5100D6097B /* Music.m */,
			);
			name = Model;
			sourceTree = "<group>";
		};
		6BEDC5551B4CE15F0021BF1A /* ImageUtilities */ = {
			isa = PBXGroup;
			children = (
				6B95A4D21B4DF63500A92C3B /* UIImage+AverageColor.h */,
				6B95A4D31B4DF63500A92C3B /* UIImage+AverageColor.m */,
			);
			name = ImageUtilities;
			sourceTree = "<group>";
		};
		6D105D476E3EC13FD29EDB4B /* Pods */ = {
			isa = PBXGroup;
			children = (
				DC9869A9B177B11568E70BCC /* Pods.debug.xcconfig */,
				7EBDD77B724C09E87B582D63 /* Pods.release.xcconfig */,
			);
			name = Pods;
			sourceTree = "<group>";
		};
		EBE2FFBB70F04D7675F1F5C4 /* Frameworks */ = {
			isa = PBXGroup;
			children = (
				3C98BD65935580CF7EACB4BB /* libPods.a */,
			);
			name = Frameworks;
			sourceTree = "<group>";
		};
/* End PBXGroup section */

/* Begin PBXNativeTarget section */
		6BEDC5191B4CA3690021BF1A /* CardList */ = {
			isa = PBXNativeTarget;
			buildConfigurationList = 6BEDC53D1B4CA3690021BF1A /* Build configuration list for PBXNativeTarget "CardList" */;
			buildPhases = (
				88EA2C10E2A1DCFE5F49941B /* Check Pods Manifest.lock */,
				6BEDC5161B4CA3690021BF1A /* Sources */,
				6BEDC5171B4CA3690021BF1A /* Frameworks */,
				6BEDC5181B4CA3690021BF1A /* Resources */,
				AAE977083AABF4500D6D79CD /* Copy Pods Resources */,
			);
			buildRules = (
			);
			dependencies = (
			);
			name = CardList;
			productName = CardList;
			productReference = 6BEDC51A1B4CA3690021BF1A /* CardList.app */;
			productType = "com.apple.product-type.application";
		};
/* End PBXNativeTarget section */

/* Begin PBXProject section */
		6BEDC5121B4CA3680021BF1A /* Project object */ = {
			isa = PBXProject;
			attributes = {
				LastUpgradeCheck = 0630;
				ORGANIZATIONNAME = "Xinbo Wu";
				TargetAttributes = {
					6BEDC5191B4CA3690021BF1A = {
						CreatedOnToolsVersion = 6.3.2;
					};
				};
			};
			buildConfigurationList = 6BEDC5151B4CA3690021BF1A /* Build configuration list for PBXProject "CardList" */;
			compatibilityVersion = "Xcode 3.2";
			developmentRegion = English;
			hasScannedForEncodings = 0;
			knownRegions = (
				en,
				Base,
			);
			mainGroup = 6BEDC5111B4CA3680021BF1A;
			productRefGroup = 6BEDC51B1B4CA3690021BF1A /* Products */;
			projectDirPath = "";
			projectRoot = "";
			targets = (
				6BEDC5191B4CA3690021BF1A /* CardList */,
			);
		};
/* End PBXProject section */

/* Begin PBXResourcesBuildPhase section */
		6BEDC5181B4CA3690021BF1A /* Resources */ = {
			isa = PBXResourcesBuildPhase;
			buildActionMask = 2147483647;
			files = (
				6BEDC5291B4CA3690021BF1A /* Main.storyboard in Resources */,
				6BEDC52E1B4CA3690021BF1A /* LaunchScreen.xib in Resources */,
				6BEDC52B1B4CA3690021BF1A /* Images.xcassets in Resources */,
			);
			runOnlyForDeploymentPostprocessing = 0;
		};
/* End PBXResourcesBuildPhase section */

/* Begin PBXShellScriptBuildPhase section */
		88EA2C10E2A1DCFE5F49941B /* Check Pods Manifest.lock */ = {
			isa = PBXShellScriptBuildPhase;
			buildActionMask = 2147483647;
			files = (
			);
			inputPaths = (
			);
			name = "Check Pods Manifest.lock";
			outputPaths = (
			);
			runOnlyForDeploymentPostprocessing = 0;
			shellPath = /bin/sh;
			shellScript = "diff \"${PODS_ROOT}/../Podfile.lock\" \"${PODS_ROOT}/Manifest.lock\" > /dev/null\nif [[ $? != 0 ]] ; then\n    cat << EOM\nerror: The sandbox is not in sync with the Podfile.lock. Run 'pod install' or update your CocoaPods installation.\nEOM\n    exit 1\nfi\n";
			showEnvVarsInLog = 0;
		};
		AAE977083AABF4500D6D79CD /* Copy Pods Resources */ = {
			isa = PBXShellScriptBuildPhase;
			buildActionMask = 2147483647;
			files = (
			);
			inputPaths = (
			);
			name = "Copy Pods Resources";
			outputPaths = (
			);
			runOnlyForDeploymentPostprocessing = 0;
			shellPath = /bin/sh;
			shellScript = "\"${SRCROOT}/Pods/Target Support Files/Pods/Pods-resources.sh\"\n";
			showEnvVarsInLog = 0;
		};
/* End PBXShellScriptBuildPhase section */

/* Begin PBXSourcesBuildPhase section */
		6BEDC5161B4CA3690021BF1A /* Sources */ = {
			isa = PBXSourcesBuildPhase;
			buildActionMask = 2147483647;
			files = (
				6B95A4CC1B4DF61700A92C3B /* CardListControllerDataSource.m in Sources */,
				6B95A4CD1B4DF61700A92C3B /* MainViewController.m in Sources */,
				6BDF980C1B4E093400D6097B /* MovieCell.m in Sources */,
				6BDF98181B4E0A5100D6097B /* Music.m in Sources */,
				6BDF98091B4E090600D6097B /* PlaceCell.m in Sources */,
				6BDF980F1B4E095000D6097B /* MusicCell.m in Sources */,
				6B95A4CE1B4DF61700A92C3B /* MusicWebviewController.m in Sources */,
				6BEDC5231B4CA3690021BF1A /* AppDelegate.m in Sources */,
				6BDF98121B4E0A2200D6097B /* Place.m in Sources */,
				6B95A4C51B4DF60700A92C3B /* CardData.m in Sources */,
				6B95A4D11B4DF62300A92C3B /* CardCell.m in Sources */,
				6BDF981B1B4E0BE600D6097B /* CardBase.m in Sources */,
				6BDF98151B4E0A4200D6097B /* Movie.m in Sources */,
				6BEDC5201B4CA3690021BF1A /* main.m in Sources */,
				6B95A4D81B4DF63500A92C3B /* UIImage+AverageColor.m in Sources */,
			);
			runOnlyForDeploymentPostprocessing = 0;
		};
/* End PBXSourcesBuildPhase section */

/* Begin PBXVariantGroup section */
		6BEDC5271B4CA3690021BF1A /* Main.storyboard */ = {
			isa = PBXVariantGroup;
			children = (
				6BEDC5281B4CA3690021BF1A /* Base */,
			);
			name = Main.storyboard;
			sourceTree = "<group>";
		};
		6BEDC52C1B4CA3690021BF1A /* LaunchScreen.xib */ = {
			isa = PBXVariantGroup;
			children = (
				6BEDC52D1B4CA3690021BF1A /* Base */,
			);
			name = LaunchScreen.xib;
			sourceTree = "<group>";
		};
/* End PBXVariantGroup section */

/* Begin XCBuildConfiguration section */
		6BEDC53B1B4CA3690021BF1A /* Debug */ = {
			isa = XCBuildConfiguration;
			buildSettings = {
				ALWAYS_SEARCH_USER_PATHS = NO;
				CLANG_CXX_LANGUAGE_STANDARD = "gnu++0x";
				CLANG_CXX_LIBRARY = "libc++";
				CLANG_ENABLE_MODULES = YES;
				CLANG_ENABLE_OBJC_ARC = YES;
				CLANG_WARN_BOOL_CONVERSION = YES;
				CLANG_WARN_CONSTANT_CONVERSION = YES;
				CLANG_WARN_DIRECT_OBJC_ISA_USAGE = YES_ERROR;
				CLANG_WARN_EMPTY_BODY = YES;
				CLANG_WARN_ENUM_CONVERSION = YES;
				CLANG_WARN_INT_CONVERSION = YES;
				CLANG_WARN_OBJC_ROOT_CLASS = YES_ERROR;
				CLANG_WARN_UNREACHABLE_CODE = YES;
				CLANG_WARN__DUPLICATE_METHOD_MATCH = YES;
				"CODE_SIGN_IDENTITY[sdk=iphoneos*]" = "iPhone Developer";
				COPY_PHASE_STRIP = NO;
				DEBUG_INFORMATION_FORMAT = "dwarf-with-dsym";
				ENABLE_STRICT_OBJC_MSGSEND = YES;
				GCC_C_LANGUAGE_STANDARD = gnu99;
				GCC_DYNAMIC_NO_PIC = NO;
				GCC_NO_COMMON_BLOCKS = YES;
				GCC_OPTIMIZATION_LEVEL = 0;
				GCC_PREPROCESSOR_DEFINITIONS = (
					"DEBUG=1",
					"$(inherited)",
				);
				GCC_SYMBOLS_PRIVATE_EXTERN = NO;
				GCC_WARN_64_TO_32_BIT_CONVERSION = YES;
				GCC_WARN_ABOUT_RETURN_TYPE = YES_ERROR;
				GCC_WARN_UNDECLARED_SELECTOR = YES;
				GCC_WARN_UNINITIALIZED_AUTOS = YES_AGGRESSIVE;
				GCC_WARN_UNUSED_FUNCTION = YES;
				GCC_WARN_UNUSED_VARIABLE = YES;
				IPHONEOS_DEPLOYMENT_TARGET = 8.3;
				MTL_ENABLE_DEBUG_INFO = YES;
				ONLY_ACTIVE_ARCH = YES;
				SDKROOT = iphoneos;
			};
			name = Debug;
		};
		6BEDC53C1B4CA3690021BF1A /* Release */ = {
			isa = XCBuildConfiguration;
			buildSettings = {
				ALWAYS_SEARCH_USER_PATHS = NO;
				CLANG_CXX_LANGUAGE_STANDARD = "gnu++0x";
				CLANG_CXX_LIBRARY = "libc++";
				CLANG_ENABLE_MODULES = YES;
				CLANG_ENABLE_OBJC_ARC = YES;
				CLANG_WARN_BOOL_CONVERSION = YES;
				CLANG_WARN_CONSTANT_CONVERSION = YES;
				CLANG_WARN_DIRECT_OBJC_ISA_USAGE = YES_ERROR;
				CLANG_WARN_EMPTY_BODY = YES;
				CLANG_WARN_ENUM_CONVERSION = YES;
				CLANG_WARN_INT_CONVERSION = YES;
				CLANG_WARN_OBJC_ROOT_CLASS = YES_ERROR;
				CLANG_WARN_UNREACHABLE_CODE = YES;
				CLANG_WARN__DUPLICATE_METHOD_MATCH = YES;
				"CODE_SIGN_IDENTITY[sdk=iphoneos*]" = "iPhone Developer";
				COPY_PHASE_STRIP = NO;
				DEBUG_INFORMATION_FORMAT = "dwarf-with-dsym";
				ENABLE_NS_ASSERTIONS = NO;
				ENABLE_STRICT_OBJC_MSGSEND = YES;
				GCC_C_LANGUAGE_STANDARD = gnu99;
				GCC_NO_COMMON_BLOCKS = YES;
				GCC_WARN_64_TO_32_BIT_CONVERSION = YES;
				GCC_WARN_ABOUT_RETURN_TYPE = YES_ERROR;
				GCC_WARN_UNDECLARED_SELECTOR = YES;
				GCC_WARN_UNINITIALIZED_AUTOS = YES_AGGRESSIVE;
				GCC_WARN_UNUSED_FUNCTION = YES;
				GCC_WARN_UNUSED_VARIABLE = YES;
				IPHONEOS_DEPLOYMENT_TARGET = 8.3;
				MTL_ENABLE_DEBUG_INFO = NO;
				SDKROOT = iphoneos;
				VALIDATE_PRODUCT = YES;
			};
			name = Release;
		};
		6BEDC53E1B4CA3690021BF1A /* Debug */ = {
			isa = XCBuildConfiguration;
			baseConfigurationReference = DC9869A9B177B11568E70BCC /* Pods.debug.xcconfig */;
			buildSettings = {
				ASSETCATALOG_COMPILER_APPICON_NAME = AppIcon;
				INFOPLIST_FILE = CardList/Info.plist;
				LD_RUNPATH_SEARCH_PATHS = "$(inherited) @executable_path/Frameworks";
				PRODUCT_NAME = "$(TARGET_NAME)";
			};
			name = Debug;
		};
		6BEDC53F1B4CA3690021BF1A /* Release */ = {
			isa = XCBuildConfiguration;
			baseConfigurationReference = 7EBDD77B724C09E87B582D63 /* Pods.release.xcconfig */;
			buildSettings = {
				ASSETCATALOG_COMPILER_APPICON_NAME = AppIcon;
				INFOPLIST_FILE = CardList/Info.plist;
				LD_RUNPATH_SEARCH_PATHS = "$(inherited) @executable_path/Frameworks";
				PRODUCT_NAME = "$(TARGET_NAME)";
			};
			name = Release;
		};
/* End XCBuildConfiguration section */

/* Begin XCConfigurationList section */
		6BEDC5151B4CA3690021BF1A /* Build configuration list for PBXProject "CardList" */ = {
			isa = XCConfigurationList;
			buildConfigurations = (
				6BEDC53B1B4CA3690021BF1A /* Debug */,
				6BEDC53C1B4CA3690021BF1A /* Release */,
			);
			defaultConfigurationIsVisible = 0;
			defaultConfigurationName = Release;
		};
		6BEDC53D1B4CA3690021BF1A /* Build configuration list for PBXNativeTarget "CardList" */ = {
			isa = XCConfigurationList;
			buildConfigurations = (
				6BEDC53E1B4CA3690021BF1A /* Debug */,
				6BEDC53F1B4CA3690021BF1A /* Release */,
			);
			defaultConfigurationIsVisible = 0;
			defaultConfigurationName = Release;
		};
/* End XCConfigurationList section */
	};
	rootObject = 6BEDC5121B4CA3680021BF1A /* Project object */;
}
